
Microsoft Visual Studio Solution File, Format Version 12.00
# Visual Studio Version 17
VisualStudioVersion = 17.14.36221.1
MinimumVisualStudioVersion = 10.0.40219.1
Project("{8BC9CEB8-8B4A-11D0-8D11-00A0C91BC942}") = "first_c++", "first_c++.vcxproj", "{961A5BF3-3F0F-4A6D-BAA3-E9ABC3C30292}"
EndProject
Project("{8BC9CEB8-8B4A-11D0-8D11-00A0C91BC942}") = "Lab_02", "..\Lab_02\Lab_02.vcxproj", "{85FE8531-F507-4F85-8604-656930598913}"
EndProject
Global
	GlobalSection(SolutionConfigurationPlatforms) = preSolution
		Debug|x64 = Debug|x64
		Debug|x86 = Debug|x86
		Release|x64 = Release|x64
		Release|x86 = Release|x86
	EndGlobalSection
	GlobalSection(ProjectConfigurationPlatforms) = postSolution
		{961A5BF3-3F0F-4A6D-BAA3-E9ABC3C30292}.Debug|x64.ActiveCfg = Debug|x64
		{961A5BF3-3F0F-4A6D-BAA3-E9ABC3C30292}.Debug|x64.Build.0 = Debug|x64
		{961A5BF3-3F0F-4A6D-BAA3-E9ABC3C30292}.Debug|x86.ActiveCfg = Debug|Win32
		{961A5BF3-3F0F-4A6D-BAA3-E9ABC3C30292}.Debug|x86.Build.0 = Debug|Win32
		{961A5BF3-3F0F-4A6D-BAA3-E9ABC3C30292}.Release|x64.ActiveCfg = Release|x64
		{961A5BF3-3F0F-4A6D-BAA3-E9ABC3C30292}.Release|x64.Build.0 = Release|x64
		{961A5BF3-3F0F-4A6D-BAA3-E9ABC3C30292}.Release|x86.ActiveCfg = Release|Win32
		{961A5BF3-3F0F-4A6D-BAA3-E9ABC3C30292}.Release|x86.Build.0 = Release|Win32
		{85FE8531-F507-4F85-8604-656930598913}.Debug|x64.ActiveCfg = Debug|x64
		{85FE8531-F507-4F85-8604-656930598913}.Debug|x64.Build.0 = Debug|x64
		{85FE8531-F507-4F85-8604-656930598913}.Debug|x86.ActiveCfg = Debug|Win32
		{85FE8531-F507-4F85-8604-656930598913}.Debug|x86.Build.0 = Debug|Win32
		{85FE8531-F507-4F85-8604-656930598913}.Release|x64.ActiveCfg = Release|x64
		{85FE8531-F507-4F85-8604-656930598913}.Release|x64.Build.0 = Release|x64
		{85FE8531-F507-4F85-8604-656930598913}.Release|x86.ActiveCfg = Release|Win32
		{85FE8531-F507-4F85-8604-656930598913}.Release|x86.Build.0 = Release|Win32
	EndGlobalSection
	GlobalSection(SolutionProperties) = preSolution
		HideSolutionNode = FALSE
	EndGlobalSection
	GlobalSection(ExtensibilityGlobals) = postSolution
		SolutionGuid = {AB58AEA5-CDD6-4665-82F6-F6ED7EF9FFCD}
	EndGlobalSection
EndGlobal
