
Microsoft Visual Studio Solution File, Format Version 12.00
# Visual Studio Version 17
VisualStudioVersion = 17.14.36221.1
MinimumVisualStudioVersion = 10.0.40219.1
Project("{8BC9CEB8-8B4A-11D0-8D11-00A0C91BC942}") = "var6", "var6.vcxproj", "{BFEDC7DD-2579-4D90-92E3-75E27C011EF0}"
EndProject
Project("{2150E333-8FDC-42A3-9474-1A3956D46DE8}") = "Элементы решения", "Элементы решения", "{754FC069-D67B-A9D7-50A1-8D1CA196D8F1}"
EndProject
Project("{8BC9CEB8-8B4A-11D0-8D11-00A0C91BC942}") = "var9", "..\var9\var9.vcxproj", "{012B53CF-5230-4A60-8AE6-EEE9A83FBB6A}"
EndProject
Project("{8BC9CEB8-8B4A-11D0-8D11-00A0C91BC942}") = "var12", "..\var12\var12.vcxproj", "{825C7254-E987-4E1E-9327-ABA1346DBDE4}"
EndProject
Project("{8BC9CEB8-8B4A-11D0-8D11-00A0C91BC942}") = "var15", "..\var15\var15.vcxproj", "{B3B12168-5BE9-4F94-B3A3-76EADC6421EB}"
EndProject
Global
	GlobalSection(SolutionConfigurationPlatforms) = preSolution
		Debug|x64 = Debug|x64
		Debug|x86 = Debug|x86
		Release|x64 = Release|x64
		Release|x86 = Release|x86
	EndGlobalSection
	GlobalSection(ProjectConfigurationPlatforms) = postSolution
		{BFEDC7DD-2579-4D90-92E3-75E27C011EF0}.Debug|x64.ActiveCfg = Debug|x64
		{BFEDC7DD-2579-4D90-92E3-75E27C011EF0}.Debug|x64.Build.0 = Debug|x64
		{BFEDC7DD-2579-4D90-92E3-75E27C011EF0}.Debug|x86.ActiveCfg = Debug|Win32
		{BFEDC7DD-2579-4D90-92E3-75E27C011EF0}.Debug|x86.Build.0 = Debug|Win32
		{BFEDC7DD-2579-4D90-92E3-75E27C011EF0}.Release|x64.ActiveCfg = Release|x64
		{BFEDC7DD-2579-4D90-92E3-75E27C011EF0}.Release|x64.Build.0 = Release|x64
		{BFEDC7DD-2579-4D90-92E3-75E27C011EF0}.Release|x86.ActiveCfg = Release|Win32
		{BFEDC7DD-2579-4D90-92E3-75E27C011EF0}.Release|x86.Build.0 = Release|Win32
		{012B53CF-5230-4A60-8AE6-EEE9A83FBB6A}.Debug|x64.ActiveCfg = Debug|x64
		{012B53CF-5230-4A60-8AE6-EEE9A83FBB6A}.Debug|x64.Build.0 = Debug|x64
		{012B53CF-5230-4A60-8AE6-EEE9A83FBB6A}.Debug|x86.ActiveCfg = Debug|Win32
		{012B53CF-5230-4A60-8AE6-EEE9A83FBB6A}.Debug|x86.Build.0 = Debug|Win32
		{012B53CF-5230-4A60-8AE6-EEE9A83FBB6A}.Release|x64.ActiveCfg = Release|x64
		{012B53CF-5230-4A60-8AE6-EEE9A83FBB6A}.Release|x64.Build.0 = Release|x64
		{012B53CF-5230-4A60-8AE6-EEE9A83FBB6A}.Release|x86.ActiveCfg = Release|Win32
		{012B53CF-5230-4A60-8AE6-EEE9A83FBB6A}.Release|x86.Build.0 = Release|Win32
		{825C7254-E987-4E1E-9327-ABA1346DBDE4}.Debug|x64.ActiveCfg = Debug|x64
		{825C7254-E987-4E1E-9327-ABA1346DBDE4}.Debug|x64.Build.0 = Debug|x64
		{825C7254-E987-4E1E-9327-ABA1346DBDE4}.Debug|x86.ActiveCfg = Debug|Win32
		{825C7254-E987-4E1E-9327-ABA1346DBDE4}.Debug|x86.Build.0 = Debug|Win32
		{825C7254-E987-4E1E-9327-ABA1346DBDE4}.Release|x64.ActiveCfg = Release|x64
		{825C7254-E987-4E1E-9327-ABA1346DBDE4}.Release|x64.Build.0 = Release|x64
		{825C7254-E987-4E1E-9327-ABA1346DBDE4}.Release|x86.ActiveCfg = Release|Win32
		{825C7254-E987-4E1E-9327-ABA1346DBDE4}.Release|x86.Build.0 = Release|Win32
		{B3B12168-5BE9-4F94-B3A3-76EADC6421EB}.Debug|x64.ActiveCfg = Debug|x64
		{B3B12168-5BE9-4F94-B3A3-76EADC6421EB}.Debug|x64.Build.0 = Debug|x64
		{B3B12168-5BE9-4F94-B3A3-76EADC6421EB}.Debug|x86.ActiveCfg = Debug|Win32
		{B3B12168-5BE9-4F94-B3A3-76EADC6421EB}.Debug|x86.Build.0 = Debug|Win32
		{B3B12168-5BE9-4F94-B3A3-76EADC6421EB}.Release|x64.ActiveCfg = Release|x64
		{B3B12168-5BE9-4F94-B3A3-76EADC6421EB}.Release|x64.Build.0 = Release|x64
		{B3B12168-5BE9-4F94-B3A3-76EADC6421EB}.Release|x86.ActiveCfg = Release|Win32
		{B3B12168-5BE9-4F94-B3A3-76EADC6421EB}.Release|x86.Build.0 = Release|Win32
	EndGlobalSection
	GlobalSection(SolutionProperties) = preSolution
		HideSolutionNode = FALSE
	EndGlobalSection
	GlobalSection(ExtensibilityGlobals) = postSolution
		SolutionGuid = {6BC6E887-59E5-42B4-BB97-88ABBDCB6200}
	EndGlobalSection
EndGlobal
